
Microsoft Visual Studio Solution File, Format Version 12.00
# Visual Studio Version 17
VisualStudioVersion = 17.13.35931.197 d17.13
MinimumVisualStudioVersion = 10.0.40219.1
Project("{FAE04EC0-301F-11D3-BF4B-00C04F79EFBC}") = "RentingApp", "RentingApp.csproj", "{08EACF35-BA5D-4FF7-9502-D1E15AA69B6D}"
EndProject
Global
	GlobalSection(SolutionConfigurationPlatforms) = preSolution
		Debug|Any CPU = Debug|Any CPU
		Release|Any CPU = Release|Any CPU
	EndGlobalSection
	GlobalSection(ProjectConfigurationPlatforms) = postSolution
		{08EACF35-BA5D-4FF7-9502-D1E15AA69B6D}.Debug|Any CPU.ActiveCfg = Debug|Any CPU
		{08EACF35-BA5D-4FF7-9502-D1E15AA69B6D}.Debug|Any CPU.Build.0 = Debug|Any CPU
		{08EACF35-BA5D-4FF7-9502-D1E15AA69B6D}.Release|Any CPU.ActiveCfg = Release|Any CPU
		{08EACF35-BA5D-4FF7-9502-D1E15AA69B6D}.Release|Any CPU.Build.0 = Release|Any CPU
	EndGlobalSection
	GlobalSection(SolutionProperties) = preSolution
		HideSolutionNode = FALSE
	EndGlobalSection
	GlobalSection(ExtensibilityGlobals) = postSolution
		SolutionGuid = {FF262AFE-84A9-4F51-BF39-562D3C9E0678}
	EndGlobalSection
EndGlobal
