
Microsoft Visual Studio Solution File, Format Version 12.00
# Visual Studio Version 17
VisualStudioVersion = 17.13.36105.23 d17.13
MinimumVisualStudioVersion = 10.0.40219.1
Project("{FAE04EC0-301F-11D3-BF4B-00C04F79EFBC}") = "Tabuada", "Tabuada.csproj", "{074E12C5-8CA0-4B9D-A139-E7F75FDF64D7}"
EndProject
Global
	GlobalSection(SolutionConfigurationPlatforms) = preSolution
		Debug|Any CPU = Debug|Any CPU
		Release|Any CPU = Release|Any CPU
	EndGlobalSection
	GlobalSection(ProjectConfigurationPlatforms) = postSolution
		{074E12C5-8CA0-4B9D-A139-E7F75FDF64D7}.Debug|Any CPU.ActiveCfg = Debug|Any CPU
		{074E12C5-8CA0-4B9D-A139-E7F75FDF64D7}.Debug|Any CPU.Build.0 = Debug|Any CPU
		{074E12C5-8CA0-4B9D-A139-E7F75FDF64D7}.Release|Any CPU.ActiveCfg = Release|Any CPU
		{074E12C5-8CA0-4B9D-A139-E7F75FDF64D7}.Release|Any CPU.Build.0 = Release|Any CPU
	EndGlobalSection
	GlobalSection(SolutionProperties) = preSolution
		HideSolutionNode = FALSE
	EndGlobalSection
	GlobalSection(ExtensibilityGlobals) = postSolution
		SolutionGuid = {D670D0AA-0DD1-4BF2-A323-35234303C41F}
	EndGlobalSection
EndGlobal
